
Microsoft Visual Studio Solution File, Format Version 12.00
# Visual Studio Version 17
VisualStudioVersion = 17.14.36212.18 d17.14
MinimumVisualStudioVersion = 10.0.40219.1
Project("{FAE04EC0-301F-11D3-BF4B-00C04F79EFBC}") = "BanMayAnh", "BanMayAnh\BanMayAnh.csproj", "{82E4FD37-1FCB-4670-846B-0AD428EAACAB}"
EndProject
Global
	GlobalSection(SolutionConfigurationPlatforms) = preSolution
		Debug|Any CPU = Debug|Any CPU
		Release|Any CPU = Release|Any CPU
	EndGlobalSection
	GlobalSection(ProjectConfigurationPlatforms) = postSolution
		{82E4FD37-1FCB-4670-846B-0AD428EAACAB}.Debug|Any CPU.ActiveCfg = Debug|Any CPU
		{82E4FD37-1FCB-4670-846B-0AD428EAACAB}.Debug|Any CPU.Build.0 = Debug|Any CPU
		{82E4FD37-1FCB-4670-846B-0AD428EAACAB}.Release|Any CPU.ActiveCfg = Release|Any CPU
		{82E4FD37-1FCB-4670-846B-0AD428EAACAB}.Release|Any CPU.Build.0 = Release|Any CPU
	EndGlobalSection
	GlobalSection(SolutionProperties) = preSolution
		HideSolutionNode = FALSE
	EndGlobalSection
	GlobalSection(ExtensibilityGlobals) = postSolution
		SolutionGuid = {465EC694-239E-4418-AF00-8932FB644ACB}
	EndGlobalSection
EndGlobal
